// !$*UTF8*$!
{
	archiveVersion = 1;
	classes = {
	};
	objectVersion = 77;
	objects = {

/* Begin PBXContainerItemProxy section */
		371953812DEC8B1B003D3459 /* PBXContainerItemProxy */ = {
			isa = PBXContainerItemProxy;
			containerPortal = 3719536B2DEC8B19003D3459 /* Project object */;
			proxyType = 1;
			remoteGlobalIDString = 371953722DEC8B19003D3459;
			remoteInfo = LoneSword;
		};
		3719538B2DEC8B1B003D3459 /* PBXContainerItemProxy */ = {
			isa = PBXContainerItemProxy;
			containerPortal = 3719536B2DEC8B19003D3459 /* Project object */;
			proxyType = 1;
			remoteGlobalIDString = 371953722DEC8B19003D3459;
			remoteInfo = LoneSword;
		};
/* End PBXContainerItemProxy section */

/* Begin PBXFileReference section */
		371953732DEC8B19003D3459 /* LoneSword.app */ = {isa = PBXFileReference; explicitFileType = wrapper.application; includeInIndex = 0; path = LoneSword.app; sourceTree = BUILT_PRODUCTS_DIR; };
		371953802DEC8B1B003D3459 /* LoneSwordTests.xctest */ = {isa = PBXFileReference; explicitFileType = wrapper.cfbundle; includeInIndex = 0; path = LoneSwordTests.xctest; sourceTree = BUILT_PRODUCTS_DIR; };
		3719538A2DEC8B1B003D3459 /* LoneSwordUITests.xctest */ = {isa = PBXFileReference; explicitFileType = wrapper.cfbundle; includeInIndex = 0; path = LoneSwordUITests.xctest; sourceTree = BUILT_PRODUCTS_DIR; };
/* End PBXFileReference section */

/* Begin PBXFileSystemSynchronizedRootGroup section */
		371953752DEC8B19003D3459 /* LoneSword */ = {
			isa = PBXFileSystemSynchronizedRootGroup;
			path = LoneSword;
			sourceTree = "<group>";
		};
		371953832DEC8B1B003D3459 /* LoneSwordTests */ = {
			isa = PBXFileSystemSynchronizedRootGroup;
			path = LoneSwordTests;
			sourceTree = "<group>";
		};
		3719538D2DEC8B1B003D3459 /* LoneSwordUITests */ = {
			isa = PBXFileSystemSynchronizedRootGroup;
			path = LoneSwordUITests;
			sourceTree = "<group>";
		};
/* End PBXFileSystemSynchronizedRootGroup section */

/* Begin PBXFrameworksBuildPhase section */
		371953702DEC8B19003D3459 /* Frameworks */ = {
			isa = PBXFrameworksBuildPhase;
			buildActionMask = 2147483647;
			files = (
			);
			runOnlyForDeploymentPostprocessing = 0;
		};
		3719537D2DEC8B1B003D3459 /* Frameworks */ = {
			isa = PBXFrameworksBuildPhase;
			buildActionMask = 2147483647;
			files = (
			);
			runOnlyForDeploymentPostprocessing = 0;
		};
		371953872DEC8B1B003D3459 /* Frameworks */ = {
			isa = PBXFrameworksBuildPhase;
			buildActionMask = 2147483647;
			files = (
			);
			runOnlyForDeploymentPostprocessing = 0;
		};
/* End PBXFrameworksBuildPhase section */

/* Begin PBXGroup section */
		3719536A2DEC8B19003D3459 = {
			isa = PBXGroup;
			children = (
				371953752DEC8B19003D3459 /* LoneSword */,
				371953832DEC8B1B003D3459 /* LoneSwordTests */,
				3719538D2DEC8B1B003D3459 /* LoneSwordUITests */,
				371953742DEC8B19003D3459 /* Products */,
			);
			sourceTree = "<group>";
		};
		371953742DEC8B19003D3459 /* Products */ = {
			isa = PBXGroup;
			children = (
				371953732DEC8B19003D3459 /* LoneSword.app */,
				371953802DEC8B1B003D3459 /* LoneSwordTests.xctest */,
				3719538A2DEC8B1B003D3459 /* LoneSwordUITests.xctest */,
			);
			name = Products;
			sourceTree = "<group>";
		};
/* End PBXGroup section */

/* Begin PBXNativeTarget section */
		371953722DEC8B19003D3459 /* LoneSword */ = {
			isa = PBXNativeTarget;
			buildConfigurationList = 371953942DEC8B1B003D3459 /* Build configuration list for PBXNativeTarget "LoneSword" */;
			buildPhases = (
				3719536F2DEC8B19003D3459 /* Sources */,
				371953702DEC8B19003D3459 /* Frameworks */,
				371953712DEC8B19003D3459 /* Resources */,
			);
			buildRules = (
			);
			dependencies = (
			);
			fileSystemSynchronizedGroups = (
				371953752DEC8B19003D3459 /* LoneSword */,
			);
			name = LoneSword;
			packageProductDependencies = (
			);
			productName = LoneSword;
			productReference = 371953732DEC8B19003D3459 /* LoneSword.app */;
			productType = "com.apple.product-type.application";
		};
		3719537F2DEC8B1B003D3459 /* LoneSwordTests */ = {
			isa = PBXNativeTarget;
			buildConfigurationList = 371953972DEC8B1B003D3459 /* Build configuration list for PBXNativeTarget "LoneSwordTests" */;
			buildPhases = (
				3719537C2DEC8B1B003D3459 /* Sources */,
				3719537D2DEC8B1B003D3459 /* Frameworks */,
				3719537E2DEC8B1B003D3459 /* Resources */,
			);
			buildRules = (
			);
			dependencies = (
				371953822DEC8B1B003D3459 /* PBXTargetDependency */,
			);
			fileSystemSynchronizedGroups = (
				371953832DEC8B1B003D3459 /* LoneSwordTests */,
			);
			name = LoneSwordTests;
			packageProductDependencies = (
			);
			productName = LoneSwordTests;
			productReference = 371953802DEC8B1B003D3459 /* LoneSwordTests.xctest */;
			productType = "com.apple.product-type.bundle.unit-test";
		};
		371953892DEC8B1B003D3459 /* LoneSwordUITests */ = {
			isa = PBXNativeTarget;
			buildConfigurationList = 3719539A2DEC8B1B003D3459 /* Build configuration list for PBXNativeTarget "LoneSwordUITests" */;
			buildPhases = (
				371953862DEC8B1B003D3459 /* Sources */,
				371953872DEC8B1B003D3459 /* Frameworks */,
				371953882DEC8B1B003D3459 /* Resources */,
			);
			buildRules = (
			);
			dependencies = (
				3719538C2DEC8B1B003D3459 /* PBXTargetDependency */,
			);
			fileSystemSynchronizedGroups = (
				3719538D2DEC8B1B003D3459 /* LoneSwordUITests */,
			);
			name = LoneSwordUITests;
			packageProductDependencies = (
			);
			productName = LoneSwordUITests;
			productReference = 3719538A2DEC8B1B003D3459 /* LoneSwordUITests.xctest */;
			productType = "com.apple.product-type.bundle.ui-testing";
		};
/* End PBXNativeTarget section */

/* Begin PBXProject section */
		3719536B2DEC8B19003D3459 /* Project object */ = {
			isa = PBXProject;
			attributes = {
				BuildIndependentTargetsInParallel = 1;
				LastSwiftUpdateCheck = 1640;
				LastUpgradeCheck = 1640;
				TargetAttributes = {
					371953722DEC8B19003D3459 = {
						CreatedOnToolsVersion = 16.4;
					};
					3719537F2DEC8B1B003D3459 = {
						CreatedOnToolsVersion = 16.4;
						TestTargetID = 371953722DEC8B19003D3459;
					};
					371953892DEC8B1B003D3459 = {
						CreatedOnToolsVersion = 16.4;
						TestTargetID = 371953722DEC8B19003D3459;
					};
				};
			};
			buildConfigurationList = 3719536E2DEC8B19003D3459 /* Build configuration list for PBXProject "LoneSword" */;
			developmentRegion = en;
			hasScannedForEncodings = 0;
			knownRegions = (
				en,
				Base,
			);
			mainGroup = 3719536A2DEC8B19003D3459;
			minimizedProjectReferenceProxies = 1;
			preferredProjectObjectVersion = 77;
			productRefGroup = 371953742DEC8B19003D3459 /* Products */;
			projectDirPath = "";
			projectRoot = "";
			targets = (
				371953722DEC8B19003D3459 /* LoneSword */,
				3719537F2DEC8B1B003D3459 /* LoneSwordTests */,
				371953892DEC8B1B003D3459 /* LoneSwordUITests */,
			);
		};
/* End PBXProject section */

/* Begin PBXResourcesBuildPhase section */
		371953712DEC8B19003D3459 /* Resources */ = {
			isa = PBXResourcesBuildPhase;
			buildActionMask = 2147483647;
			files = (
			);
			runOnlyForDeploymentPostprocessing = 0;
		};
		3719537E2DEC8B1B003D3459 /* Resources */ = {
			isa = PBXResourcesBuildPhase;
			buildActionMask = 2147483647;
			files = (
			);
			runOnlyForDeploymentPostprocessing = 0;
		};
		371953882DEC8B1B003D3459 /* Resources */ = {
			isa = PBXResourcesBuildPhase;
			buildActionMask = 2147483647;
			files = (
			);
			runOnlyForDeploymentPostprocessing = 0;
		};
/* End PBXResourcesBuildPhase section */

/* Begin PBXSourcesBuildPhase section */
		3719536F2DEC8B19003D3459 /* Sources */ = {
			isa = PBXSourcesBuildPhase;
			buildActionMask = 2147483647;
			files = (
			);
			runOnlyForDeploymentPostprocessing = 0;
		};
		3719537C2DEC8B1B003D3459 /* Sources */ = {
			isa = PBXSourcesBuildPhase;
			buildActionMask = 2147483647;
			files = (
			);
			runOnlyForDeploymentPostprocessing = 0;
		};
		371953862DEC8B1B003D3459 /* Sources */ = {
			isa = PBXSourcesBuildPhase;
			buildActionMask = 2147483647;
			files = (
			);
			runOnlyForDeploymentPostprocessing = 0;
		};
/* End PBXSourcesBuildPhase section */

/* Begin PBXTargetDependency section */
		371953822DEC8B1B003D3459 /* PBXTargetDependency */ = {
			isa = PBXTargetDependency;
			target = 371953722DEC8B19003D3459 /* LoneSword */;
			targetProxy = 371953812DEC8B1B003D3459 /* PBXContainerItemProxy */;
		};
		3719538C2DEC8B1B003D3459 /* PBXTargetDependency */ = {
			isa = PBXTargetDependency;
			target = 371953722DEC8B19003D3459 /* LoneSword */;
			targetProxy = 3719538B2DEC8B1B003D3459 /* PBXContainerItemProxy */;
		};
/* End PBXTargetDependency section */

/* Begin XCBuildConfiguration section */
		371953922DEC8B1B003D3459 /* Debug */ = {
			isa = XCBuildConfiguration;
			buildSettings = {
				ALWAYS_SEARCH_USER_PATHS = NO;
				ASSETCATALOG_COMPILER_GENERATE_SWIFT_ASSET_SYMBOL_EXTENSIONS = YES;
				CLANG_ANALYZER_NONNULL = YES;
				CLANG_ANALYZER_NUMBER_OBJECT_CONVERSION = YES_AGGRESSIVE;
				CLANG_CXX_LANGUAGE_STANDARD = "gnu++20";
				CLANG_ENABLE_MODULES = YES;
				CLANG_ENABLE_OBJC_ARC = YES;
				CLANG_ENABLE_OBJC_WEAK = YES;
				CLANG_WARN_BLOCK_CAPTURE_AUTORELEASING = YES;
				CLANG_WARN_BOOL_CONVERSION = YES;
				CLANG_WARN_COMMA = YES;
				CLANG_WARN_CONSTANT_CONVERSION = YES;
				CLANG_WARN_DEPRECATED_OBJC_IMPLEMENTATIONS = YES;
				CLANG_WARN_DIRECT_OBJC_ISA_USAGE = YES_ERROR;
				CLANG_WARN_DOCUMENTATION_COMMENTS = YES;
				CLANG_WARN_EMPTY_BODY = YES;
				CLANG_WARN_ENUM_CONVERSION = YES;
				CLANG_WARN_INFINITE_RECURSION = YES;
				CLANG_WARN_INT_CONVERSION = YES;
				CLANG_WARN_NON_LITERAL_NULL_CONVERSION = YES;
				CLANG_WARN_OBJC_IMPLICIT_RETAIN_SELF = YES;
				CLANG_WARN_OBJC_LITERAL_CONVERSION = YES;
				CLANG_WARN_OBJC_ROOT_CLASS = YES_ERROR;
				CLANG_WARN_QUOTED_INCLUDE_IN_FRAMEWORK_HEADER = YES;
				CLANG_WARN_RANGE_LOOP_ANALYSIS = YES;
				CLANG_WARN_STRICT_PROTOTYPES = YES;
				CLANG_WARN_SUSPICIOUS_MOVE = YES;
				CLANG_WARN_UNGUARDED_AVAILABILITY = YES_AGGRESSIVE;
				CLANG_WARN_UNREACHABLE_CODE = YES;
				CLANG_WARN__DUPLICATE_METHOD_MATCH = YES;
				COPY_PHASE_STRIP = NO;
				DEBUG_INFORMATION_FORMAT = dwarf;
				ENABLE_STRICT_OBJC_MSGSEND = YES;
				ENABLE_TESTABILITY = YES;
				ENABLE_USER_SCRIPT_SANDBOXING = YES;
				GCC_C_LANGUAGE_STANDARD = gnu17;
				GCC_DYNAMIC_NO_PIC = NO;
				GCC_NO_COMMON_BLOCKS = YES;
				GCC_OPTIMIZATION_LEVEL = 0;
				GCC_PREPROCESSOR_DEFINITIONS = (
					"DEBUG=1",
					"$(inherited)",
				);
				GCC_WARN_64_TO_32_BIT_CONVERSION = YES;
				GCC_WARN_ABOUT_RETURN_TYPE = YES_ERROR;
				GCC_WARN_UNDECLARED_SELECTOR = YES;
				GCC_WARN_UNINITIALIZED_AUTOS = YES_AGGRESSIVE;
				GCC_WARN_UNUSED_FUNCTION = YES;
				GCC_WARN_UNUSED_VARIABLE = YES;
				IPHONEOS_DEPLOYMENT_TARGET = 18.5;
				LOCALIZATION_PREFERS_STRING_CATALOGS = YES;
				MTL_ENABLE_DEBUG_INFO = INCLUDE_SOURCE;
				MTL_FAST_MATH = YES;
				ONLY_ACTIVE_ARCH = YES;
				SDKROOT = iphoneos;
				SWIFT_ACTIVE_COMPILATION_CONDITIONS = "DEBUG $(inherited)";
				SWIFT_OPTIMIZATION_LEVEL = "-Onone";
			};
			name = Debug;
		};
		371953932DEC8B1B003D3459 /* Release */ = {
			isa = XCBuildConfiguration;
			buildSettings = {
				ALWAYS_SEARCH_USER_PATHS = NO;
				ASSETCATALOG_COMPILER_GENERATE_SWIFT_ASSET_SYMBOL_EXTENSIONS = YES;
				CLANG_ANALYZER_NONNULL = YES;
				CLANG_ANALYZER_NUMBER_OBJECT_CONVERSION = YES_AGGRESSIVE;
				CLANG_CXX_LANGUAGE_STANDARD = "gnu++20";
				CLANG_ENABLE_MODULES = YES;
				CLANG_ENABLE_OBJC_ARC = YES;
				CLANG_ENABLE_OBJC_WEAK = YES;
				CLANG_WARN_BLOCK_CAPTURE_AUTORELEASING = YES;
				CLANG_WARN_BOOL_CONVERSION = YES;
				CLANG_WARN_COMMA = YES;
				CLANG_WARN_CONSTANT_CONVERSION = YES;
				CLANG_WARN_DEPRECATED_OBJC_IMPLEMENTATIONS = YES;
				CLANG_WARN_DIRECT_OBJC_ISA_USAGE = YES_ERROR;
				CLANG_WARN_DOCUMENTATION_COMMENTS = YES;
				CLANG_WARN_EMPTY_BODY = YES;
				CLANG_WARN_ENUM_CONVERSION = YES;
				CLANG_WARN_INFINITE_RECURSION = YES;
				CLANG_WARN_INT_CONVERSION = YES;
				CLANG_WARN_NON_LITERAL_NULL_CONVERSION = YES;
				CLANG_WARN_OBJC_IMPLICIT_RETAIN_SELF = YES;
				CLANG_WARN_OBJC_LITERAL_CONVERSION = YES;
				CLANG_WARN_OBJC_ROOT_CLASS = YES_ERROR;
				CLANG_WARN_QUOTED_INCLUDE_IN_FRAMEWORK_HEADER = YES;
				CLANG_WARN_RANGE_LOOP_ANALYSIS = YES;
				CLANG_WARN_STRICT_PROTOTYPES = YES;
				CLANG_WARN_SUSPICIOUS_MOVE = YES;
				CLANG_WARN_UNGUARDED_AVAILABILITY = YES_AGGRESSIVE;
				CLANG_WARN_UNREACHABLE_CODE = YES;
				CLANG_WARN__DUPLICATE_METHOD_MATCH = YES;
				COPY_PHASE_STRIP = NO;
				DEBUG_INFORMATION_FORMAT = "dwarf-with-dsym";
				ENABLE_NS_ASSERTIONS = NO;
				ENABLE_STRICT_OBJC_MSGSEND = YES;
				ENABLE_USER_SCRIPT_SANDBOXING = YES;
				GCC_C_LANGUAGE_STANDARD = gnu17;
				GCC_NO_COMMON_BLOCKS = YES;
				GCC_WARN_64_TO_32_BIT_CONVERSION = YES;
				GCC_WARN_ABOUT_RETURN_TYPE = YES_ERROR;
				GCC_WARN_UNDECLARED_SELECTOR = YES;
				GCC_WARN_UNINITIALIZED_AUTOS = YES_AGGRESSIVE;
				GCC_WARN_UNUSED_FUNCTION = YES;
				GCC_WARN_UNUSED_VARIABLE = YES;
				IPHONEOS_DEPLOYMENT_TARGET = 18.5;
				LOCALIZATION_PREFERS_STRING_CATALOGS = YES;
				MTL_ENABLE_DEBUG_INFO = NO;
				MTL_FAST_MATH = YES;
				SDKROOT = iphoneos;
				SWIFT_COMPILATION_MODE = wholemodule;
				VALIDATE_PRODUCT = YES;
			};
			name = Release;
		};
		371953952DEC8B1B003D3459 /* Debug */ = {
			isa = XCBuildConfiguration;
			buildSettings = {
				ASSETCATALOG_COMPILER_APPICON_NAME = AppIcon;
				ASSETCATALOG_COMPILER_GLOBAL_ACCENT_COLOR_NAME = AccentColor;
				CODE_SIGN_STYLE = Automatic;
				CURRENT_PROJECT_VERSION = 1;
				DEVELOPMENT_TEAM = GCA63MZHFF;
				ENABLE_PREVIEWS = YES;
				GENERATE_INFOPLIST_FILE = YES;
				INFOPLIST_KEY_NSAppTransportSecurity_NSAllowsArbitraryLoads = YES;
				INFOPLIST_KEY_NSAppTransportSecurity_NSAllowsArbitraryLoadsInWebContent = YES;
				INFOPLIST_KEY_UIApplicationSceneManifest_Generation = YES;
				INFOPLIST_KEY_UIApplicationSupportsIndirectInputEvents = YES;
				INFOPLIST_KEY_UILaunchScreen_Generation = YES;
				INFOPLIST_KEY_UISupportedInterfaceOrientations_iPad = "UIInterfaceOrientationPortrait UIInterfaceOrientationPortraitUpsideDown UIInterfaceOrientationLandscapeLeft UIInterfaceOrientationLandscapeRight";
				INFOPLIST_KEY_UISupportedInterfaceOrientations_iPhone = "UIInterfaceOrientationPortrait UIInterfaceOrientationLandscapeLeft UIInterfaceOrientationLandscapeRight";
				LD_RUNPATH_SEARCH_PATHS = (
					"$(inherited)",
					"@executable_path/Frameworks",
				);
				MARKETING_VERSION = 1.0;
				PRODUCT_BUNDLE_IDENTIFIER = LoneSword.com.ifkid;
				PRODUCT_NAME = "$(TARGET_NAME)";
				SWIFT_EMIT_LOC_STRINGS = YES;
				SWIFT_VERSION = 5.0;
				TARGETED_DEVICE_FAMILY = "1,2";
			};
			name = Debug;
		};
		371953962DEC8B1B003D3459 /* Release */ = {
			isa = XCBuildConfiguration;
			buildSettings = {
				ASSETCATALOG_COMPILER_APPICON_NAME = AppIcon;
				ASSETCATALOG_COMPILER_GLOBAL_ACCENT_COLOR_NAME = AccentColor;
				CODE_SIGN_STYLE = Automatic;
				CURRENT_PROJECT_VERSION = 1;
				ENABLE_PREVIEWS = YES;
				GENERATE_INFOPLIST_FILE = YES;
				INFOPLIST_KEY_NSAppTransportSecurity_NSAllowsArbitraryLoads = YES;
				INFOPLIST_KEY_NSAppTransportSecurity_NSAllowsArbitraryLoadsInWebContent = YES;
				INFOPLIST_KEY_UIApplicationSceneManifest_Generation = YES;
				INFOPLIST_KEY_UIApplicationSupportsIndirectInputEvents = YES;
				INFOPLIST_KEY_UILaunchScreen_Generation = YES;
				INFOPLIST_KEY_UISupportedInterfaceOrientations_iPad = "UIInterfaceOrientationPortrait UIInterfaceOrientationPortraitUpsideDown UIInterfaceOrientationLandscapeLeft UIInterfaceOrientationLandscapeRight";
				INFOPLIST_KEY_UISupportedInterfaceOrientations_iPhone = "UIInterfaceOrientationPortrait UIInterfaceOrientationLandscapeLeft UIInterfaceOrientationLandscapeRight";
				LD_RUNPATH_SEARCH_PATHS = (
					"$(inherited)",
					"@executable_path/Frameworks",
				);
				MARKETING_VERSION = 1.0;
				PRODUCT_BUNDLE_IDENTIFIER = LoneSword.com.ifkid.LoneSword;
				PRODUCT_NAME = "$(TARGET_NAME)";
				SWIFT_EMIT_LOC_STRINGS = YES;
				SWIFT_VERSION = 5.0;
				TARGETED_DEVICE_FAMILY = "1,2";
			};
			name = Release;
		};
		371953982DEC8B1B003D3459 /* Debug */ = {
			isa = XCBuildConfiguration;
			buildSettings = {
				BUNDLE_LOADER = "$(TEST_HOST)";
				CODE_SIGN_STYLE = Automatic;
				CURRENT_PROJECT_VERSION = 1;
				GENERATE_INFOPLIST_FILE = YES;
				IPHONEOS_DEPLOYMENT_TARGET = 18.5;
				MARKETING_VERSION = 1.0;
				PRODUCT_BUNDLE_IDENTIFIER = LoneSword.com.ifkid.LoneSwordTests;
				PRODUCT_NAME = "$(TARGET_NAME)";
				SWIFT_EMIT_LOC_STRINGS = NO;
				SWIFT_VERSION = 5.0;
				TARGETED_DEVICE_FAMILY = "1,2";
				TEST_HOST = "$(BUILT_PRODUCTS_DIR)/LoneSword.app/$(BUNDLE_EXECUTABLE_FOLDER_PATH)/LoneSword";
			};
			name = Debug;
		};
		371953992DEC8B1B003D3459 /* Release */ = {
			isa = XCBuildConfiguration;
			buildSettings = {
				BUNDLE_LOADER = "$(TEST_HOST)";
				CODE_SIGN_STYLE = Automatic;
				CURRENT_PROJECT_VERSION = 1;
				GENERATE_INFOPLIST_FILE = YES;
				IPHONEOS_DEPLOYMENT_TARGET = 18.5;
				MARKETING_VERSION = 1.0;
				PRODUCT_BUNDLE_IDENTIFIER = LoneSword.com.ifkid.LoneSwordTests;
				PRODUCT_NAME = "$(TARGET_NAME)";
				SWIFT_EMIT_LOC_STRINGS = NO;
				SWIFT_VERSION = 5.0;
				TARGETED_DEVICE_FAMILY = "1,2";
				TEST_HOST = "$(BUILT_PRODUCTS_DIR)/LoneSword.app/$(BUNDLE_EXECUTABLE_FOLDER_PATH)/LoneSword";
			};
			name = Release;
		};
		3719539B2DEC8B1B003D3459 /* Debug */ = {
			isa = XCBuildConfiguration;
			buildSettings = {
				CODE_SIGN_STYLE = Automatic;
				CURRENT_PROJECT_VERSION = 1;
				GENERATE_INFOPLIST_FILE = YES;
				MARKETING_VERSION = 1.0;
				PRODUCT_BUNDLE_IDENTIFIER = LoneSword.com.ifkid.LoneSwordUITests;
				PRODUCT_NAME = "$(TARGET_NAME)";
				SWIFT_EMIT_LOC_STRINGS = NO;
				SWIFT_VERSION = 5.0;
				TARGETED_DEVICE_FAMILY = "1,2";
				TEST_TARGET_NAME = LoneSword;
			};
			name = Debug;
		};
		3719539C2DEC8B1B003D3459 /* Release */ = {
			isa = XCBuildConfiguration;
			buildSettings = {
				CODE_SIGN_STYLE = Automatic;
				CURRENT_PROJECT_VERSION = 1;
				GENERATE_INFOPLIST_FILE = YES;
				MARKETING_VERSION = 1.0;
				PRODUCT_BUNDLE_IDENTIFIER = LoneSword.com.ifkid.LoneSwordUITests;
				PRODUCT_NAME = "$(TARGET_NAME)";
				SWIFT_EMIT_LOC_STRINGS = NO;
				SWIFT_VERSION = 5.0;
				TARGETED_DEVICE_FAMILY = "1,2";
				TEST_TARGET_NAME = LoneSword;
			};
			name = Release;
		};
/* End XCBuildConfiguration section */

/* Begin XCConfigurationList section */
		3719536E2DEC8B19003D3459 /* Build configuration list for PBXProject "LoneSword" */ = {
			isa = XCConfigurationList;
			buildConfigurations = (
				371953922DEC8B1B003D3459 /* Debug */,
				371953932DEC8B1B003D3459 /* Release */,
			);
			defaultConfigurationIsVisible = 0;
			defaultConfigurationName = Release;
		};
		371953942DEC8B1B003D3459 /* Build configuration list for PBXNativeTarget "LoneSword" */ = {
			isa = XCConfigurationList;
			buildConfigurations = (
				371953952DEC8B1B003D3459 /* Debug */,
				371953962DEC8B1B003D3459 /* Release */,
			);
			defaultConfigurationIsVisible = 0;
			defaultConfigurationName = Release;
		};
		371953972DEC8B1B003D3459 /* Build configuration list for PBXNativeTarget "LoneSwordTests" */ = {
			isa = XCConfigurationList;
			buildConfigurations = (
				371953982DEC8B1B003D3459 /* Debug */,
				371953992DEC8B1B003D3459 /* Release */,
			);
			defaultConfigurationIsVisible = 0;
			defaultConfigurationName = Release;
		};
		3719539A2DEC8B1B003D3459 /* Build configuration list for PBXNativeTarget "LoneSwordUITests" */ = {
			isa = XCConfigurationList;
			buildConfigurations = (
				3719539B2DEC8B1B003D3459 /* Debug */,
				3719539C2DEC8B1B003D3459 /* Release */,
			);
			defaultConfigurationIsVisible = 0;
			defaultConfigurationName = Release;
		};
/* End XCConfigurationList section */
	};
	rootObject = 3719536B2DEC8B19003D3459 /* Project object */;
}
